
Microsoft Visual Studio Solution File, Format Version 12.00
# Visual Studio Version 17
VisualStudioVersion = 17.3.32825.248
MinimumVisualStudioVersion = 10.0.40219.1
Project("{FAE04EC0-301F-11D3-BF4B-00C04F79EFBC}") = "PassGen2", "PassGen2\PassGen2.csproj", "{DAD6CD34-9FBC-4455-8FA5-C74FDDF6774A}"
EndProject
Global
	GlobalSection(SolutionConfigurationPlatforms) = preSolution
		Debug|Any CPU = Debug|Any CPU
		Release|Any CPU = Release|Any CPU
	EndGlobalSection
	GlobalSection(ProjectConfigurationPlatforms) = postSolution
		{DAD6CD34-9FBC-4455-8FA5-C74FDDF6774A}.Debug|Any CPU.ActiveCfg = Debug|Any CPU
		{DAD6CD34-9FBC-4455-8FA5-C74FDDF6774A}.Debug|Any CPU.Build.0 = Debug|Any CPU
		{DAD6CD34-9FBC-4455-8FA5-C74FDDF6774A}.Release|Any CPU.ActiveCfg = Release|Any CPU
		{DAD6CD34-9FBC-4455-8FA5-C74FDDF6774A}.Release|Any CPU.Build.0 = Release|Any CPU
	EndGlobalSection
	GlobalSection(SolutionProperties) = preSolution
		HideSolutionNode = FALSE
	EndGlobalSection
	GlobalSection(ExtensibilityGlobals) = postSolution
		SolutionGuid = {3F14EF1A-7EBA-45EF-9F8C-E15CC8E30432}
	EndGlobalSection
EndGlobal
